// !$*UTF8*$!
{
	archiveVersion = 1;
	classes = {
	};
	objectVersion = 56;
	objects = {

/* Begin PBXBuildFile section */
		0504977F2CC064CE00FCBBB6 /* FirebaseAnalytics in Frameworks */ = {isa = PBXBuildFile; productRef = 0504977E2CC064CE00FCBBB6 /* FirebaseAnalytics */; };
		050497812CC064CE00FCBBB6 /* FirebaseAnalyticsOnDeviceConversion in Frameworks */ = {isa = PBXBuildFile; productRef = 050497802CC064CE00FCBBB6 /* FirebaseAnalyticsOnDeviceConversion */; };
		050497832CC064CE00FCBBB6 /* FirebaseAnalyticsWithoutAdIdSupport in Frameworks */ = {isa = PBXBuildFile; productRef = 050497822CC064CE00FCBBB6 /* FirebaseAnalyticsWithoutAdIdSupport */; };
		050497852CC064CE00FCBBB6 /* FirebaseAppCheck in Frameworks */ = {isa = PBXBuildFile; productRef = 050497842CC064CE00FCBBB6 /* FirebaseAppCheck */; };
		050497872CC064CE00FCBBB6 /* FirebaseAppDistribution-Beta in Frameworks */ = {isa = PBXBuildFile; productRef = 050497862CC064CE00FCBBB6 /* FirebaseAppDistribution-Beta */; };
		05614EBA2C98FC6E0050A0F4 /* TelaResetPassword.storyboard in Resources */ = {isa = PBXBuildFile; fileRef = 05614EB92C98FC6E0050A0F4 /* TelaResetPassword.storyboard */; };
		05614EBC2C98FCF10050A0F4 /* TelaResetPasswordViewController.swift in Sources */ = {isa = PBXBuildFile; fileRef = 05614EBB2C98FCF10050A0F4 /* TelaResetPasswordViewController.swift */; };
		0567BF052C9A39EF00F447BF /* ProfileView.storyboard in Resources */ = {isa = PBXBuildFile; fileRef = 0567BF042C9A39EF00F447BF /* ProfileView.storyboard */; };
		0567BF072C9A39FD00F447BF /* ProfileViewController.swift in Sources */ = {isa = PBXBuildFile; fileRef = 0567BF062C9A39FD00F447BF /* ProfileViewController.swift */; };
		0567BF092C9A6C0100F447BF /* FavoriteView.storyboard in Resources */ = {isa = PBXBuildFile; fileRef = 0567BF082C9A6C0100F447BF /* FavoriteView.storyboard */; };
		0567BF0B2C9A6D4000F447BF /* FavoriteViewController.swift in Sources */ = {isa = PBXBuildFile; fileRef = 0567BF0A2C9A6D4000F447BF /* FavoriteViewController.swift */; };
		0567BF0E2C9A6D6B00F447BF /* FavoriteTableViewCell.swift in Sources */ = {isa = PBXBuildFile; fileRef = 0567BF0C2C9A6D6B00F447BF /* FavoriteTableViewCell.swift */; };
		0567BF0F2C9A6D6B00F447BF /* FavoriteTableViewCell.xib in Resources */ = {isa = PBXBuildFile; fileRef = 0567BF0D2C9A6D6B00F447BF /* FavoriteTableViewCell.xib */; };
		05725A4D2C963C17007A7FF0 /* HomeTableViewCollectionCell.swift in Sources */ = {isa = PBXBuildFile; fileRef = 05725A4B2C963C17007A7FF0 /* HomeTableViewCollectionCell.swift */; };
		05725A4E2C963C17007A7FF0 /* HomeTableViewCollectionCell.xib in Resources */ = {isa = PBXBuildFile; fileRef = 05725A4C2C963C17007A7FF0 /* HomeTableViewCollectionCell.xib */; };
		05725A512C96408E007A7FF0 /* HomeCollectionViewCell.swift in Sources */ = {isa = PBXBuildFile; fileRef = 05725A4F2C96408E007A7FF0 /* HomeCollectionViewCell.swift */; };
		05725A522C96408E007A7FF0 /* HomeCollectionViewCell.xib in Resources */ = {isa = PBXBuildFile; fileRef = 05725A502C96408E007A7FF0 /* HomeCollectionViewCell.xib */; };
		0579548C2CC5C0DE0087B970 /* HomeEmptyTableViewCell.swift in Sources */ = {isa = PBXBuildFile; fileRef = 0579548A2CC5C0DE0087B970 /* HomeEmptyTableViewCell.swift */; };
		0579548D2CC5C0DE0087B970 /* HomeEmptyTableViewCell.xib in Resources */ = {isa = PBXBuildFile; fileRef = 0579548B2CC5C0DE0087B970 /* HomeEmptyTableViewCell.xib */; };
		057EC3FE2CC4ACF70030D96A /* AnimeCategory.swift in Sources */ = {isa = PBXBuildFile; fileRef = 057EC3FD2CC4ACF70030D96A /* AnimeCategory.swift */; };
		058816C32C87D18000D53768 /* AppDelegate.swift in Sources */ = {isa = PBXBuildFile; fileRef = 058816C22C87D18000D53768 /* AppDelegate.swift */; };
		058816C52C87D18000D53768 /* SceneDelegate.swift in Sources */ = {isa = PBXBuildFile; fileRef = 058816C42C87D18000D53768 /* SceneDelegate.swift */; };
		058816C72C87D18000D53768 /* ViewController.swift in Sources */ = {isa = PBXBuildFile; fileRef = 058816C62C87D18000D53768 /* ViewController.swift */; };
		058816CA2C87D18000D53768 /* Main.storyboard in Resources */ = {isa = PBXBuildFile; fileRef = 058816C82C87D18000D53768 /* Main.storyboard */; };
		058816CC2C87D18100D53768 /* Assets.xcassets in Resources */ = {isa = PBXBuildFile; fileRef = 058816CB2C87D18100D53768 /* Assets.xcassets */; };
		058816CF2C87D18100D53768 /* LaunchScreen.storyboard in Resources */ = {isa = PBXBuildFile; fileRef = 058816CD2C87D18100D53768 /* LaunchScreen.storyboard */; };
		058D74D22C8F7545006B9048 /* HomeTableViewCell.swift in Sources */ = {isa = PBXBuildFile; fileRef = 058D74D02C8F7545006B9048 /* HomeTableViewCell.swift */; };
		058D74D32C8F7545006B9048 /* HomeTableViewCell.xib in Resources */ = {isa = PBXBuildFile; fileRef = 058D74D12C8F7545006B9048 /* HomeTableViewCell.xib */; };
		058D74D92C8F9359006B9048 /* Anime.swift in Sources */ = {isa = PBXBuildFile; fileRef = 058D74D82C8F9359006B9048 /* Anime.swift */; };
		915E6EB72CC5B6F70075B682 /* AnimeSearchTableViewCell.swift in Sources */ = {isa = PBXBuildFile; fileRef = 915E6EB52CC5B6F70075B682 /* AnimeSearchTableViewCell.swift */; };
		9188D31E2C9A3466003E419B /* SearchViewController.swift in Sources */ = {isa = PBXBuildFile; fileRef = 9188D31D2C9A3466003E419B /* SearchViewController.swift */; };
		9188D3202C9A3476003E419B /* SearchViewController.storyboard in Resources */ = {isa = PBXBuildFile; fileRef = 9188D31F2C9A3476003E419B /* SearchViewController.storyboard */; };
		91CFE5D92C8A70250036ADBC /* LoginView.storyboard in Resources */ = {isa = PBXBuildFile; fileRef = 91CFE5D82C8A70250036ADBC /* LoginView.storyboard */; };
		91CFE5DB2C8A702F0036ADBC /* HomeView.storyboard in Resources */ = {isa = PBXBuildFile; fileRef = 91CFE5DA2C8A702F0036ADBC /* HomeView.storyboard */; };
		91CFE5E12C8A70700036ADBC /* LoginViewController.swift in Sources */ = {isa = PBXBuildFile; fileRef = 91CFE5E02C8A70700036ADBC /* LoginViewController.swift */; };
		91D8F90F2C9CCD4400D82901 /* TabBarViewController.swift in Sources */ = {isa = PBXBuildFile; fileRef = 91D8F90E2C9CCD4400D82901 /* TabBarViewController.swift */; };
		91D8F9112C9CD77E00D82901 /* AnimeDetailViewController.swift in Sources */ = {isa = PBXBuildFile; fileRef = 91D8F9102C9CD77E00D82901 /* AnimeDetailViewController.swift */; };
		91D8F9132C9CD79D00D82901 /* AnimeDetailViewController.storyboard in Resources */ = {isa = PBXBuildFile; fileRef = 91D8F9122C9CD79D00D82901 /* AnimeDetailViewController.storyboard */; };
		91DEB5022CB8A5DF00B66B8C /* AnimeMockedData.swift in Sources */ = {isa = PBXBuildFile; fileRef = 91DEB5012CB8A5DF00B66B8C /* AnimeMockedData.swift */; };
		CD33C1562C931EF500906EDE /* TelaCadastroViewController.swift in Sources */ = {isa = PBXBuildFile; fileRef = CD33C1552C931EF500906EDE /* TelaCadastroViewController.swift */; };
		CD33C15A2C932CE300906EDE /* TelaCadastroViewController.storyboard in Resources */ = {isa = PBXBuildFile; fileRef = CD33C1592C932CE300906EDE /* TelaCadastroViewController.storyboard */; };
		CD82F62A2CBE8B68006F65F9 /* GoogleService-Info.plist in Resources */ = {isa = PBXBuildFile; fileRef = CD82F6292CBE8B68006F65F9 /* GoogleService-Info.plist */; };
		CD82F62D2CBE9804006F65F9 /* FirebaseAnalytics in Frameworks */ = {isa = PBXBuildFile; productRef = CD82F62C2CBE9804006F65F9 /* FirebaseAnalytics */; };
		CD82F62F2CBE9804006F65F9 /* FirebaseAnalyticsOnDeviceConversion in Frameworks */ = {isa = PBXBuildFile; productRef = CD82F62E2CBE9804006F65F9 /* FirebaseAnalyticsOnDeviceConversion */; };
		CD82F6312CBE9804006F65F9 /* FirebaseAnalyticsWithoutAdIdSupport in Frameworks */ = {isa = PBXBuildFile; productRef = CD82F6302CBE9804006F65F9 /* FirebaseAnalyticsWithoutAdIdSupport */; };
		CD82F6332CBE9804006F65F9 /* FirebaseAppCheck in Frameworks */ = {isa = PBXBuildFile; productRef = CD82F6322CBE9804006F65F9 /* FirebaseAppCheck */; };
		CD82F6352CBE9804006F65F9 /* FirebaseAppDistribution-Beta in Frameworks */ = {isa = PBXBuildFile; productRef = CD82F6342CBE9804006F65F9 /* FirebaseAppDistribution-Beta */; };
		CD82F6372CBE9804006F65F9 /* FirebaseAuth in Frameworks */ = {isa = PBXBuildFile; productRef = CD82F6362CBE9804006F65F9 /* FirebaseAuth */; };
		CD82F6392CBE9804006F65F9 /* FirebaseAuthCombine-Community in Frameworks */ = {isa = PBXBuildFile; productRef = CD82F6382CBE9804006F65F9 /* FirebaseAuthCombine-Community */; };
		CD82F63B2CBE9804006F65F9 /* FirebaseCore in Frameworks */ = {isa = PBXBuildFile; productRef = CD82F63A2CBE9804006F65F9 /* FirebaseCore */; };
		CD82F63D2CBE9804006F65F9 /* FirebaseCrashlytics in Frameworks */ = {isa = PBXBuildFile; productRef = CD82F63C2CBE9804006F65F9 /* FirebaseCrashlytics */; };
		CD82F63F2CBE9804006F65F9 /* FirebaseDatabase in Frameworks */ = {isa = PBXBuildFile; productRef = CD82F63E2CBE9804006F65F9 /* FirebaseDatabase */; };
		CD82F6412CBE9804006F65F9 /* FirebaseDynamicLinks in Frameworks */ = {isa = PBXBuildFile; productRef = CD82F6402CBE9804006F65F9 /* FirebaseDynamicLinks */; };
		CD82F6432CBE9804006F65F9 /* FirebaseFirestore in Frameworks */ = {isa = PBXBuildFile; productRef = CD82F6422CBE9804006F65F9 /* FirebaseFirestore */; };
		CD82F6452CBE9804006F65F9 /* FirebaseFirestoreCombine-Community in Frameworks */ = {isa = PBXBuildFile; productRef = CD82F6442CBE9804006F65F9 /* FirebaseFirestoreCombine-Community */; };
		CD82F6472CBE9804006F65F9 /* FirebaseFunctions in Frameworks */ = {isa = PBXBuildFile; productRef = CD82F6462CBE9804006F65F9 /* FirebaseFunctions */; };
		CD82F6492CBE9804006F65F9 /* FirebaseFunctionsCombine-Community in Frameworks */ = {isa = PBXBuildFile; productRef = CD82F6482CBE9804006F65F9 /* FirebaseFunctionsCombine-Community */; };
		CD82F64B2CBE9804006F65F9 /* FirebaseInAppMessaging-Beta in Frameworks */ = {isa = PBXBuildFile; productRef = CD82F64A2CBE9804006F65F9 /* FirebaseInAppMessaging-Beta */; };
		CD82F64D2CBE9804006F65F9 /* FirebaseInstallations in Frameworks */ = {isa = PBXBuildFile; productRef = CD82F64C2CBE9804006F65F9 /* FirebaseInstallations */; };
		CD82F64F2CBE9804006F65F9 /* FirebaseMLModelDownloader in Frameworks */ = {isa = PBXBuildFile; productRef = CD82F64E2CBE9804006F65F9 /* FirebaseMLModelDownloader */; };
		CD82F6512CBE9804006F65F9 /* FirebaseMessaging in Frameworks */ = {isa = PBXBuildFile; productRef = CD82F6502CBE9804006F65F9 /* FirebaseMessaging */; };
		CD82F6532CBE9804006F65F9 /* FirebasePerformance in Frameworks */ = {isa = PBXBuildFile; productRef = CD82F6522CBE9804006F65F9 /* FirebasePerformance */; };
		CD82F6552CBE9804006F65F9 /* FirebaseRemoteConfig in Frameworks */ = {isa = PBXBuildFile; productRef = CD82F6542CBE9804006F65F9 /* FirebaseRemoteConfig */; };
		CD82F6572CBE9804006F65F9 /* FirebaseStorage in Frameworks */ = {isa = PBXBuildFile; productRef = CD82F6562CBE9804006F65F9 /* FirebaseStorage */; };
		CD82F6592CBE9804006F65F9 /* FirebaseStorageCombine-Community in Frameworks */ = {isa = PBXBuildFile; productRef = CD82F6582CBE9804006F65F9 /* FirebaseStorageCombine-Community */; };
		CD82F65B2CBE9804006F65F9 /* FirebaseVertexAI-Preview in Frameworks */ = {isa = PBXBuildFile; productRef = CD82F65A2CBE9804006F65F9 /* FirebaseVertexAI-Preview */; };
		CDD5B0902C8B3D4500C521B9 /* HomeViewController.swift in Sources */ = {isa = PBXBuildFile; fileRef = CDD5B08F2C8B3D4400C521B9 /* HomeViewController.swift */; };
		CDEA28B62CB96718008DA591 /* TabBar.storyboard in Resources */ = {isa = PBXBuildFile; fileRef = CDEA28B52CB96718008DA591 /* TabBar.storyboard */; };
/* End PBXBuildFile section */

/* Begin PBXFileReference section */
		05614EB92C98FC6E0050A0F4 /* TelaResetPassword.storyboard */ = {isa = PBXFileReference; lastKnownFileType = file.storyboard; path = TelaResetPassword.storyboard; sourceTree = "<group>"; };
		05614EBB2C98FCF10050A0F4 /* TelaResetPasswordViewController.swift */ = {isa = PBXFileReference; lastKnownFileType = sourcecode.swift; path = TelaResetPasswordViewController.swift; sourceTree = "<group>"; };
		0567BF042C9A39EF00F447BF /* ProfileView.storyboard */ = {isa = PBXFileReference; lastKnownFileType = file.storyboard; path = ProfileView.storyboard; sourceTree = "<group>"; };
		0567BF062C9A39FD00F447BF /* ProfileViewController.swift */ = {isa = PBXFileReference; lastKnownFileType = sourcecode.swift; path = ProfileViewController.swift; sourceTree = "<group>"; };
		0567BF082C9A6C0100F447BF /* FavoriteView.storyboard */ = {isa = PBXFileReference; lastKnownFileType = file.storyboard; path = FavoriteView.storyboard; sourceTree = "<group>"; };
		0567BF0A2C9A6D4000F447BF /* FavoriteViewController.swift */ = {isa = PBXFileReference; lastKnownFileType = sourcecode.swift; path = FavoriteViewController.swift; sourceTree = "<group>"; };
		0567BF0C2C9A6D6B00F447BF /* FavoriteTableViewCell.swift */ = {isa = PBXFileReference; lastKnownFileType = sourcecode.swift; path = FavoriteTableViewCell.swift; sourceTree = "<group>"; };
		0567BF0D2C9A6D6B00F447BF /* FavoriteTableViewCell.xib */ = {isa = PBXFileReference; lastKnownFileType = file.xib; path = FavoriteTableViewCell.xib; sourceTree = "<group>"; };
		05725A4B2C963C17007A7FF0 /* HomeTableViewCollectionCell.swift */ = {isa = PBXFileReference; lastKnownFileType = sourcecode.swift; path = HomeTableViewCollectionCell.swift; sourceTree = "<group>"; };
		05725A4C2C963C17007A7FF0 /* HomeTableViewCollectionCell.xib */ = {isa = PBXFileReference; lastKnownFileType = file.xib; path = HomeTableViewCollectionCell.xib; sourceTree = "<group>"; };
		05725A4F2C96408E007A7FF0 /* HomeCollectionViewCell.swift */ = {isa = PBXFileReference; lastKnownFileType = sourcecode.swift; path = HomeCollectionViewCell.swift; sourceTree = "<group>"; };
		05725A502C96408E007A7FF0 /* HomeCollectionViewCell.xib */ = {isa = PBXFileReference; lastKnownFileType = file.xib; path = HomeCollectionViewCell.xib; sourceTree = "<group>"; };
		0579548A2CC5C0DE0087B970 /* HomeEmptyTableViewCell.swift */ = {isa = PBXFileReference; lastKnownFileType = sourcecode.swift; path = HomeEmptyTableViewCell.swift; sourceTree = "<group>"; };
		0579548B2CC5C0DE0087B970 /* HomeEmptyTableViewCell.xib */ = {isa = PBXFileReference; lastKnownFileType = file.xib; path = HomeEmptyTableViewCell.xib; sourceTree = "<group>"; };
		057EC3FD2CC4ACF70030D96A /* AnimeCategory.swift */ = {isa = PBXFileReference; lastKnownFileType = sourcecode.swift; path = AnimeCategory.swift; sourceTree = "<group>"; };
		058816BF2C87D18000D53768 /* aniTimeriOS.app */ = {isa = PBXFileReference; explicitFileType = wrapper.application; includeInIndex = 0; path = aniTimeriOS.app; sourceTree = BUILT_PRODUCTS_DIR; };
		058816C22C87D18000D53768 /* AppDelegate.swift */ = {isa = PBXFileReference; lastKnownFileType = sourcecode.swift; path = AppDelegate.swift; sourceTree = "<group>"; };
		058816C42C87D18000D53768 /* SceneDelegate.swift */ = {isa = PBXFileReference; lastKnownFileType = sourcecode.swift; path = SceneDelegate.swift; sourceTree = "<group>"; };
		058816C62C87D18000D53768 /* ViewController.swift */ = {isa = PBXFileReference; lastKnownFileType = sourcecode.swift; path = ViewController.swift; sourceTree = "<group>"; };
		058816C92C87D18000D53768 /* Base */ = {isa = PBXFileReference; lastKnownFileType = file.storyboard; name = Base; path = Base.lproj/Main.storyboard; sourceTree = "<group>"; };
		058816CB2C87D18100D53768 /* Assets.xcassets */ = {isa = PBXFileReference; lastKnownFileType = folder.assetcatalog; path = Assets.xcassets; sourceTree = "<group>"; };
		058816CE2C87D18100D53768 /* Base */ = {isa = PBXFileReference; lastKnownFileType = file.storyboard; name = Base; path = Base.lproj/LaunchScreen.storyboard; sourceTree = "<group>"; };
		058816D02C87D18100D53768 /* Info.plist */ = {isa = PBXFileReference; lastKnownFileType = text.plist.xml; path = Info.plist; sourceTree = "<group>"; };
		058D74D02C8F7545006B9048 /* HomeTableViewCell.swift */ = {isa = PBXFileReference; lastKnownFileType = sourcecode.swift; path = HomeTableViewCell.swift; sourceTree = "<group>"; };
		058D74D12C8F7545006B9048 /* HomeTableViewCell.xib */ = {isa = PBXFileReference; lastKnownFileType = file.xib; path = HomeTableViewCell.xib; sourceTree = "<group>"; };
		058D74D82C8F9359006B9048 /* Anime.swift */ = {isa = PBXFileReference; lastKnownFileType = sourcecode.swift; path = Anime.swift; sourceTree = "<group>"; };
		915E6EB52CC5B6F70075B682 /* AnimeSearchTableViewCell.swift */ = {isa = PBXFileReference; lastKnownFileType = sourcecode.swift; path = AnimeSearchTableViewCell.swift; sourceTree = "<group>"; };
		9188D31D2C9A3466003E419B /* SearchViewController.swift */ = {isa = PBXFileReference; lastKnownFileType = sourcecode.swift; path = SearchViewController.swift; sourceTree = "<group>"; };
		9188D31F2C9A3476003E419B /* SearchViewController.storyboard */ = {isa = PBXFileReference; lastKnownFileType = file.storyboard; path = SearchViewController.storyboard; sourceTree = "<group>"; };
		91CFE5D82C8A70250036ADBC /* LoginView.storyboard */ = {isa = PBXFileReference; lastKnownFileType = file.storyboard; path = LoginView.storyboard; sourceTree = "<group>"; };
		91CFE5DA2C8A702F0036ADBC /* HomeView.storyboard */ = {isa = PBXFileReference; lastKnownFileType = file.storyboard; path = HomeView.storyboard; sourceTree = "<group>"; };
		91CFE5E02C8A70700036ADBC /* LoginViewController.swift */ = {isa = PBXFileReference; lastKnownFileType = sourcecode.swift; path = LoginViewController.swift; sourceTree = "<group>"; };
		91D8F90E2C9CCD4400D82901 /* TabBarViewController.swift */ = {isa = PBXFileReference; lastKnownFileType = sourcecode.swift; path = TabBarViewController.swift; sourceTree = "<group>"; };
		91D8F9102C9CD77E00D82901 /* AnimeDetailViewController.swift */ = {isa = PBXFileReference; lastKnownFileType = sourcecode.swift; path = AnimeDetailViewController.swift; sourceTree = "<group>"; };
		91D8F9122C9CD79D00D82901 /* AnimeDetailViewController.storyboard */ = {isa = PBXFileReference; lastKnownFileType = file.storyboard; path = AnimeDetailViewController.storyboard; sourceTree = "<group>"; };
		91DEB5012CB8A5DF00B66B8C /* AnimeMockedData.swift */ = {isa = PBXFileReference; lastKnownFileType = sourcecode.swift; path = AnimeMockedData.swift; sourceTree = "<group>"; };
		CD33C1552C931EF500906EDE /* TelaCadastroViewController.swift */ = {isa = PBXFileReference; lastKnownFileType = sourcecode.swift; path = TelaCadastroViewController.swift; sourceTree = "<group>"; };
		CD33C1592C932CE300906EDE /* TelaCadastroViewController.storyboard */ = {isa = PBXFileReference; lastKnownFileType = file.storyboard; path = TelaCadastroViewController.storyboard; sourceTree = "<group>"; };
		CD82F6292CBE8B68006F65F9 /* GoogleService-Info.plist */ = {isa = PBXFileReference; lastKnownFileType = text.plist.xml; path = "GoogleService-Info.plist"; sourceTree = "<group>"; };
		CDD5B08F2C8B3D4400C521B9 /* HomeViewController.swift */ = {isa = PBXFileReference; lastKnownFileType = sourcecode.swift; path = HomeViewController.swift; sourceTree = "<group>"; };
		CDEA28B52CB96718008DA591 /* TabBar.storyboard */ = {isa = PBXFileReference; lastKnownFileType = file.storyboard; path = TabBar.storyboard; sourceTree = "<group>"; };
/* End PBXFileReference section */

/* Begin PBXFrameworksBuildPhase section */
		058816BC2C87D18000D53768 /* Frameworks */ = {
			isa = PBXFrameworksBuildPhase;
			buildActionMask = 2147483647;
			files = (
				050497872CC064CE00FCBBB6 /* FirebaseAppDistribution-Beta in Frameworks */,
				CD82F65B2CBE9804006F65F9 /* FirebaseVertexAI-Preview in Frameworks */,
				CD82F6452CBE9804006F65F9 /* FirebaseFirestoreCombine-Community in Frameworks */,
				CD82F6472CBE9804006F65F9 /* FirebaseFunctions in Frameworks */,
				050497812CC064CE00FCBBB6 /* FirebaseAnalyticsOnDeviceConversion in Frameworks */,
				050497852CC064CE00FCBBB6 /* FirebaseAppCheck in Frameworks */,
				CD82F6532CBE9804006F65F9 /* FirebasePerformance in Frameworks */,
				CD82F6592CBE9804006F65F9 /* FirebaseStorageCombine-Community in Frameworks */,
				CD82F6552CBE9804006F65F9 /* FirebaseRemoteConfig in Frameworks */,
				050497832CC064CE00FCBBB6 /* FirebaseAnalyticsWithoutAdIdSupport in Frameworks */,
				CD82F63F2CBE9804006F65F9 /* FirebaseDatabase in Frameworks */,
				CD82F6412CBE9804006F65F9 /* FirebaseDynamicLinks in Frameworks */,
				CD82F6332CBE9804006F65F9 /* FirebaseAppCheck in Frameworks */,
				CD82F6372CBE9804006F65F9 /* FirebaseAuth in Frameworks */,
				CD82F62D2CBE9804006F65F9 /* FirebaseAnalytics in Frameworks */,
				CD82F6432CBE9804006F65F9 /* FirebaseFirestore in Frameworks */,
				CD82F6512CBE9804006F65F9 /* FirebaseMessaging in Frameworks */,
				CD82F64D2CBE9804006F65F9 /* FirebaseInstallations in Frameworks */,
				CD82F6492CBE9804006F65F9 /* FirebaseFunctionsCombine-Community in Frameworks */,
				CD82F6352CBE9804006F65F9 /* FirebaseAppDistribution-Beta in Frameworks */,
				CD82F6312CBE9804006F65F9 /* FirebaseAnalyticsWithoutAdIdSupport in Frameworks */,
				CD82F64B2CBE9804006F65F9 /* FirebaseInAppMessaging-Beta in Frameworks */,
				CD82F6392CBE9804006F65F9 /* FirebaseAuthCombine-Community in Frameworks */,
				CD82F63D2CBE9804006F65F9 /* FirebaseCrashlytics in Frameworks */,
				CD82F64F2CBE9804006F65F9 /* FirebaseMLModelDownloader in Frameworks */,
				CD82F6572CBE9804006F65F9 /* FirebaseStorage in Frameworks */,
				CD82F63B2CBE9804006F65F9 /* FirebaseCore in Frameworks */,
				0504977F2CC064CE00FCBBB6 /* FirebaseAnalytics in Frameworks */,
				CD82F62F2CBE9804006F65F9 /* FirebaseAnalyticsOnDeviceConversion in Frameworks */,
			);
			runOnlyForDeploymentPostprocessing = 0;
		};
/* End PBXFrameworksBuildPhase section */

/* Begin PBXGroup section */
		05725A3F2C9624DB007A7FF0 /* CellCollectionView */ = {
			isa = PBXGroup;
			children = (
				05725A4F2C96408E007A7FF0 /* HomeCollectionViewCell.swift */,
				05725A502C96408E007A7FF0 /* HomeCollectionViewCell.xib */,
			);
			path = CellCollectionView;
			sourceTree = "<group>";
		};
		05725A402C962513007A7FF0 /* CellTableView */ = {
			isa = PBXGroup;
			children = (
				058D74D12C8F7545006B9048 /* HomeTableViewCell.xib */,
				058D74D02C8F7545006B9048 /* HomeTableViewCell.swift */,
				05725A4B2C963C17007A7FF0 /* HomeTableViewCollectionCell.swift */,
				05725A4C2C963C17007A7FF0 /* HomeTableViewCollectionCell.xib */,
				0567BF0C2C9A6D6B00F447BF /* FavoriteTableViewCell.swift */,
				0567BF0D2C9A6D6B00F447BF /* FavoriteTableViewCell.xib */,
				0579548A2CC5C0DE0087B970 /* HomeEmptyTableViewCell.swift */,
				0579548B2CC5C0DE0087B970 /* HomeEmptyTableViewCell.xib */,
			);
			path = CellTableView;
			sourceTree = "<group>";
		};
		058816B62C87D18000D53768 = {
			isa = PBXGroup;
			children = (
				058816C12C87D18000D53768 /* aniTimeriOS */,
				058816C02C87D18000D53768 /* Products */,
			);
			sourceTree = "<group>";
		};
		058816C02C87D18000D53768 /* Products */ = {
			isa = PBXGroup;
			children = (
				058816BF2C87D18000D53768 /* aniTimeriOS.app */,
			);
			name = Products;
			sourceTree = "<group>";
		};
		058816C12C87D18000D53768 /* aniTimeriOS */ = {
			isa = PBXGroup;
			children = (
				91DEB5002CB8A5B200B66B8C /* MockedData */,
				058D74D62C8F932A006B9048 /* Model */,
				91CFE5D72C8A6FF80036ADBC /* ViewController */,
				058D74CB2C8F74AF006B9048 /* Cells */,
				91CFE5D62C8A6FBE0036ADBC /* Views */,
				058816C22C87D18000D53768 /* AppDelegate.swift */,
				058816C42C87D18000D53768 /* SceneDelegate.swift */,
				058816C62C87D18000D53768 /* ViewController.swift */,
				CD82F6292CBE8B68006F65F9 /* GoogleService-Info.plist */,
				058816C82C87D18000D53768 /* Main.storyboard */,
				058816CB2C87D18100D53768 /* Assets.xcassets */,
				058816CD2C87D18100D53768 /* LaunchScreen.storyboard */,
				058816D02C87D18100D53768 /* Info.plist */,
			);
			path = aniTimeriOS;
			sourceTree = "<group>";
		};
		058D74CB2C8F74AF006B9048 /* Cells */ = {
			isa = PBXGroup;
			children = (
				915E6EB62CC5B6F70075B682 /* AnimeSearchTableViewCell */,
				05725A402C962513007A7FF0 /* CellTableView */,
				05725A3F2C9624DB007A7FF0 /* CellCollectionView */,
			);
			path = Cells;
			sourceTree = "<group>";
		};
		058D74D62C8F932A006B9048 /* Model */ = {
			isa = PBXGroup;
			children = (
				058D74D72C8F9333006B9048 /* anime */,
			);
			path = Model;
			sourceTree = "<group>";
		};
		058D74D72C8F9333006B9048 /* anime */ = {
			isa = PBXGroup;
			children = (
				058D74D82C8F9359006B9048 /* Anime.swift */,
				057EC3FD2CC4ACF70030D96A /* AnimeCategory.swift */,
			);
			path = anime;
			sourceTree = "<group>";
		};
		915E6EB62CC5B6F70075B682 /* AnimeSearchTableViewCell */ = {
			isa = PBXGroup;
			children = (
				915E6EB52CC5B6F70075B682 /* AnimeSearchTableViewCell.swift */,
			);
			path = AnimeSearchTableViewCell;
			sourceTree = "<group>";
		};
		91CFE5D62C8A6FBE0036ADBC /* Views */ = {
			isa = PBXGroup;
			children = (
				CD33C1592C932CE300906EDE /* TelaCadastroViewController.storyboard */,
				91CFE5DA2C8A702F0036ADBC /* HomeView.storyboard */,
				91CFE5D82C8A70250036ADBC /* LoginView.storyboard */,
				05614EB92C98FC6E0050A0F4 /* TelaResetPassword.storyboard */,
				9188D31F2C9A3476003E419B /* SearchViewController.storyboard */,
				0567BF042C9A39EF00F447BF /* ProfileView.storyboard */,
				0567BF082C9A6C0100F447BF /* FavoriteView.storyboard */,
				91D8F9122C9CD79D00D82901 /* AnimeDetailViewController.storyboard */,
				CDEA28B52CB96718008DA591 /* TabBar.storyboard */,
			);
			path = Views;
			sourceTree = "<group>";
		};
		91CFE5D72C8A6FF80036ADBC /* ViewController */ = {
			isa = PBXGroup;
			children = (
				CD33C1552C931EF500906EDE /* TelaCadastroViewController.swift */,
				91CFE5E02C8A70700036ADBC /* LoginViewController.swift */,
				CDD5B08F2C8B3D4400C521B9 /* HomeViewController.swift */,
				05614EBB2C98FCF10050A0F4 /* TelaResetPasswordViewController.swift */,
				9188D31D2C9A3466003E419B /* SearchViewController.swift */,
				0567BF062C9A39FD00F447BF /* ProfileViewController.swift */,
				0567BF0A2C9A6D4000F447BF /* FavoriteViewController.swift */,
				91D8F90E2C9CCD4400D82901 /* TabBarViewController.swift */,
				91D8F9102C9CD77E00D82901 /* AnimeDetailViewController.swift */,
			);
			path = ViewController;
			sourceTree = "<group>";
		};
		91DEB5002CB8A5B200B66B8C /* MockedData */ = {
			isa = PBXGroup;
			children = (
				91DEB5012CB8A5DF00B66B8C /* AnimeMockedData.swift */,
			);
			path = MockedData;
			sourceTree = "<group>";
		};
/* End PBXGroup section */

/* Begin PBXNativeTarget section */
		058816BE2C87D18000D53768 /* aniTimeriOS */ = {
			isa = PBXNativeTarget;
			buildConfigurationList = 058816D32C87D18100D53768 /* Build configuration list for PBXNativeTarget "aniTimeriOS" */;
			buildPhases = (
				058816BB2C87D18000D53768 /* Sources */,
				058816BC2C87D18000D53768 /* Frameworks */,
				058816BD2C87D18000D53768 /* Resources */,
			);
			buildRules = (
			);
			dependencies = (
			);
			name = aniTimeriOS;
			packageProductDependencies = (
				0504977E2CC064CE00FCBBB6 /* FirebaseAnalytics */,
				050497802CC064CE00FCBBB6 /* FirebaseAnalyticsOnDeviceConversion */,
				050497822CC064CE00FCBBB6 /* FirebaseAnalyticsWithoutAdIdSupport */,
				050497842CC064CE00FCBBB6 /* FirebaseAppCheck */,
				050497862CC064CE00FCBBB6 /* FirebaseAppDistribution-Beta */,
			);
			productName = aniTimeriOS;
			productReference = 058816BF2C87D18000D53768 /* aniTimeriOS.app */;
			productType = "com.apple.product-type.application";
		};
/* End PBXNativeTarget section */

/* Begin PBXProject section */
		058816B72C87D18000D53768 /* Project object */ = {
			isa = PBXProject;
			attributes = {
				BuildIndependentTargetsInParallel = 1;
				LastSwiftUpdateCheck = 1500;
				LastUpgradeCheck = 1500;
				TargetAttributes = {
					058816BE2C87D18000D53768 = {
						CreatedOnToolsVersion = 15.0.1;
					};
				};
			};
			buildConfigurationList = 058816BA2C87D18000D53768 /* Build configuration list for PBXProject "aniTimeriOS" */;
			compatibilityVersion = "Xcode 14.0";
			developmentRegion = en;
			hasScannedForEncodings = 0;
			knownRegions = (
				en,
				Base,
			);
			mainGroup = 058816B62C87D18000D53768;
			packageReferences = (
				CD82F62B2CBE9804006F65F9 /* XCRemoteSwiftPackageReference "firebase-ios-sdk" */,
			);
			productRefGroup = 058816C02C87D18000D53768 /* Products */;
			projectDirPath = "";
			projectRoot = "";
			targets = (
				058816BE2C87D18000D53768 /* aniTimeriOS */,
			);
		};
/* End PBXProject section */

/* Begin PBXResourcesBuildPhase section */
		058816BD2C87D18000D53768 /* Resources */ = {
			isa = PBXResourcesBuildPhase;
			buildActionMask = 2147483647;
			files = (
				91CFE5DB2C8A702F0036ADBC /* HomeView.storyboard in Resources */,
				91D8F9132C9CD79D00D82901 /* AnimeDetailViewController.storyboard in Resources */,
				058816CF2C87D18100D53768 /* LaunchScreen.storyboard in Resources */,
				9188D3202C9A3476003E419B /* SearchViewController.storyboard in Resources */,
				CDEA28B62CB96718008DA591 /* TabBar.storyboard in Resources */,
				058816CC2C87D18100D53768 /* Assets.xcassets in Resources */,
				0579548D2CC5C0DE0087B970 /* HomeEmptyTableViewCell.xib in Resources */,
				05725A522C96408E007A7FF0 /* HomeCollectionViewCell.xib in Resources */,
				05725A4E2C963C17007A7FF0 /* HomeTableViewCollectionCell.xib in Resources */,
				0567BF092C9A6C0100F447BF /* FavoriteView.storyboard in Resources */,
				058816CA2C87D18000D53768 /* Main.storyboard in Resources */,
				CD82F62A2CBE8B68006F65F9 /* GoogleService-Info.plist in Resources */,
				CD33C15A2C932CE300906EDE /* TelaCadastroViewController.storyboard in Resources */,
				05614EBA2C98FC6E0050A0F4 /* TelaResetPassword.storyboard in Resources */,
				0567BF0F2C9A6D6B00F447BF /* FavoriteTableViewCell.xib in Resources */,
				0567BF052C9A39EF00F447BF /* ProfileView.storyboard in Resources */,
				058D74D32C8F7545006B9048 /* HomeTableViewCell.xib in Resources */,
				91CFE5D92C8A70250036ADBC /* LoginView.storyboard in Resources */,
			);
			runOnlyForDeploymentPostprocessing = 0;
		};
/* End PBXResourcesBuildPhase section */

/* Begin PBXSourcesBuildPhase section */
		058816BB2C87D18000D53768 /* Sources */ = {
			isa = PBXSourcesBuildPhase;
			buildActionMask = 2147483647;
			files = (
				CDD5B0902C8B3D4500C521B9 /* HomeViewController.swift in Sources */,
				91D8F90F2C9CCD4400D82901 /* TabBarViewController.swift in Sources */,
				057EC3FE2CC4ACF70030D96A /* AnimeCategory.swift in Sources */,
				058816C72C87D18000D53768 /* ViewController.swift in Sources */,
				05614EBC2C98FCF10050A0F4 /* TelaResetPasswordViewController.swift in Sources */,
				CD33C1562C931EF500906EDE /* TelaCadastroViewController.swift in Sources */,
				0579548C2CC5C0DE0087B970 /* HomeEmptyTableViewCell.swift in Sources */,
				058D74D22C8F7545006B9048 /* HomeTableViewCell.swift in Sources */,
				0567BF0E2C9A6D6B00F447BF /* FavoriteTableViewCell.swift in Sources */,
				91D8F9112C9CD77E00D82901 /* AnimeDetailViewController.swift in Sources */,
				915E6EB72CC5B6F70075B682 /* AnimeSearchTableViewCell.swift in Sources */,
				058816C32C87D18000D53768 /* AppDelegate.swift in Sources */,
				91DEB5022CB8A5DF00B66B8C /* AnimeMockedData.swift in Sources */,
				9188D31E2C9A3466003E419B /* SearchViewController.swift in Sources */,
				0567BF072C9A39FD00F447BF /* ProfileViewController.swift in Sources */,
				05725A4D2C963C17007A7FF0 /* HomeTableViewCollectionCell.swift in Sources */,
				05725A512C96408E007A7FF0 /* HomeCollectionViewCell.swift in Sources */,
				0567BF0B2C9A6D4000F447BF /* FavoriteViewController.swift in Sources */,
				91CFE5E12C8A70700036ADBC /* LoginViewController.swift in Sources */,
				058816C52C87D18000D53768 /* SceneDelegate.swift in Sources */,
				058D74D92C8F9359006B9048 /* Anime.swift in Sources */,
			);
			runOnlyForDeploymentPostprocessing = 0;
		};
/* End PBXSourcesBuildPhase section */

/* Begin PBXVariantGroup section */
		058816C82C87D18000D53768 /* Main.storyboard */ = {
			isa = PBXVariantGroup;
			children = (
				058816C92C87D18000D53768 /* Base */,
			);
			name = Main.storyboard;
			sourceTree = "<group>";
		};
		058816CD2C87D18100D53768 /* LaunchScreen.storyboard */ = {
			isa = PBXVariantGroup;
			children = (
				058816CE2C87D18100D53768 /* Base */,
			);
			name = LaunchScreen.storyboard;
			sourceTree = "<group>";
		};
/* End PBXVariantGroup section */

/* Begin XCBuildConfiguration section */
		058816D12C87D18100D53768 /* Debug */ = {
			isa = XCBuildConfiguration;
			buildSettings = {
				ALWAYS_SEARCH_USER_PATHS = NO;
				ASSETCATALOG_COMPILER_GENERATE_SWIFT_ASSET_SYMBOL_EXTENSIONS = YES;
				CLANG_ANALYZER_NONNULL = YES;
				CLANG_ANALYZER_NUMBER_OBJECT_CONVERSION = YES_AGGRESSIVE;
				CLANG_CXX_LANGUAGE_STANDARD = "gnu++20";
				CLANG_ENABLE_MODULES = YES;
				CLANG_ENABLE_OBJC_ARC = YES;
				CLANG_ENABLE_OBJC_WEAK = YES;
				CLANG_WARN_BLOCK_CAPTURE_AUTORELEASING = YES;
				CLANG_WARN_BOOL_CONVERSION = YES;
				CLANG_WARN_COMMA = YES;
				CLANG_WARN_CONSTANT_CONVERSION = YES;
				CLANG_WARN_DEPRECATED_OBJC_IMPLEMENTATIONS = YES;
				CLANG_WARN_DIRECT_OBJC_ISA_USAGE = YES_ERROR;
				CLANG_WARN_DOCUMENTATION_COMMENTS = YES;
				CLANG_WARN_EMPTY_BODY = YES;
				CLANG_WARN_ENUM_CONVERSION = YES;
				CLANG_WARN_INFINITE_RECURSION = YES;
				CLANG_WARN_INT_CONVERSION = YES;
				CLANG_WARN_NON_LITERAL_NULL_CONVERSION = YES;
				CLANG_WARN_OBJC_IMPLICIT_RETAIN_SELF = YES;
				CLANG_WARN_OBJC_LITERAL_CONVERSION = YES;
				CLANG_WARN_OBJC_ROOT_CLASS = YES_ERROR;
				CLANG_WARN_QUOTED_INCLUDE_IN_FRAMEWORK_HEADER = YES;
				CLANG_WARN_RANGE_LOOP_ANALYSIS = YES;
				CLANG_WARN_STRICT_PROTOTYPES = YES;
				CLANG_WARN_SUSPICIOUS_MOVE = YES;
				CLANG_WARN_UNGUARDED_AVAILABILITY = YES_AGGRESSIVE;
				CLANG_WARN_UNREACHABLE_CODE = YES;
				CLANG_WARN__DUPLICATE_METHOD_MATCH = YES;
				COPY_PHASE_STRIP = NO;
				DEBUG_INFORMATION_FORMAT = dwarf;
				ENABLE_STRICT_OBJC_MSGSEND = YES;
				ENABLE_TESTABILITY = YES;
				ENABLE_USER_SCRIPT_SANDBOXING = YES;
				GCC_C_LANGUAGE_STANDARD = gnu17;
				GCC_DYNAMIC_NO_PIC = NO;
				GCC_NO_COMMON_BLOCKS = YES;
				GCC_OPTIMIZATION_LEVEL = 0;
				GCC_PREPROCESSOR_DEFINITIONS = (
					"DEBUG=1",
					"$(inherited)",
				);
				GCC_WARN_64_TO_32_BIT_CONVERSION = YES;
				GCC_WARN_ABOUT_RETURN_TYPE = YES_ERROR;
				GCC_WARN_UNDECLARED_SELECTOR = YES;
				GCC_WARN_UNINITIALIZED_AUTOS = YES_AGGRESSIVE;
				GCC_WARN_UNUSED_FUNCTION = YES;
				GCC_WARN_UNUSED_VARIABLE = YES;
				IPHONEOS_DEPLOYMENT_TARGET = 17.0;
				LOCALIZATION_PREFERS_STRING_CATALOGS = YES;
				MTL_ENABLE_DEBUG_INFO = INCLUDE_SOURCE;
				MTL_FAST_MATH = YES;
				ONLY_ACTIVE_ARCH = YES;
				SDKROOT = iphoneos;
				SWIFT_ACTIVE_COMPILATION_CONDITIONS = "DEBUG $(inherited)";
				SWIFT_OPTIMIZATION_LEVEL = "-Onone";
			};
			name = Debug;
		};
		058816D22C87D18100D53768 /* Release */ = {
			isa = XCBuildConfiguration;
			buildSettings = {
				ALWAYS_SEARCH_USER_PATHS = NO;
				ASSETCATALOG_COMPILER_GENERATE_SWIFT_ASSET_SYMBOL_EXTENSIONS = YES;
				CLANG_ANALYZER_NONNULL = YES;
				CLANG_ANALYZER_NUMBER_OBJECT_CONVERSION = YES_AGGRESSIVE;
				CLANG_CXX_LANGUAGE_STANDARD = "gnu++20";
				CLANG_ENABLE_MODULES = YES;
				CLANG_ENABLE_OBJC_ARC = YES;
				CLANG_ENABLE_OBJC_WEAK = YES;
				CLANG_WARN_BLOCK_CAPTURE_AUTORELEASING = YES;
				CLANG_WARN_BOOL_CONVERSION = YES;
				CLANG_WARN_COMMA = YES;
				CLANG_WARN_CONSTANT_CONVERSION = YES;
				CLANG_WARN_DEPRECATED_OBJC_IMPLEMENTATIONS = YES;
				CLANG_WARN_DIRECT_OBJC_ISA_USAGE = YES_ERROR;
				CLANG_WARN_DOCUMENTATION_COMMENTS = YES;
				CLANG_WARN_EMPTY_BODY = YES;
				CLANG_WARN_ENUM_CONVERSION = YES;
				CLANG_WARN_INFINITE_RECURSION = YES;
				CLANG_WARN_INT_CONVERSION = YES;
				CLANG_WARN_NON_LITERAL_NULL_CONVERSION = YES;
				CLANG_WARN_OBJC_IMPLICIT_RETAIN_SELF = YES;
				CLANG_WARN_OBJC_LITERAL_CONVERSION = YES;
				CLANG_WARN_OBJC_ROOT_CLASS = YES_ERROR;
				CLANG_WARN_QUOTED_INCLUDE_IN_FRAMEWORK_HEADER = YES;
				CLANG_WARN_RANGE_LOOP_ANALYSIS = YES;
				CLANG_WARN_STRICT_PROTOTYPES = YES;
				CLANG_WARN_SUSPICIOUS_MOVE = YES;
				CLANG_WARN_UNGUARDED_AVAILABILITY = YES_AGGRESSIVE;
				CLANG_WARN_UNREACHABLE_CODE = YES;
				CLANG_WARN__DUPLICATE_METHOD_MATCH = YES;
				COPY_PHASE_STRIP = NO;
				DEBUG_INFORMATION_FORMAT = "dwarf-with-dsym";
				ENABLE_NS_ASSERTIONS = NO;
				ENABLE_STRICT_OBJC_MSGSEND = YES;
				ENABLE_USER_SCRIPT_SANDBOXING = YES;
				GCC_C_LANGUAGE_STANDARD = gnu17;
				GCC_NO_COMMON_BLOCKS = YES;
				GCC_WARN_64_TO_32_BIT_CONVERSION = YES;
				GCC_WARN_ABOUT_RETURN_TYPE = YES_ERROR;
				GCC_WARN_UNDECLARED_SELECTOR = YES;
				GCC_WARN_UNINITIALIZED_AUTOS = YES_AGGRESSIVE;
				GCC_WARN_UNUSED_FUNCTION = YES;
				GCC_WARN_UNUSED_VARIABLE = YES;
				IPHONEOS_DEPLOYMENT_TARGET = 17.0;
				LOCALIZATION_PREFERS_STRING_CATALOGS = YES;
				MTL_ENABLE_DEBUG_INFO = NO;
				MTL_FAST_MATH = YES;
				SDKROOT = iphoneos;
				SWIFT_COMPILATION_MODE = wholemodule;
				VALIDATE_PRODUCT = YES;
			};
			name = Release;
		};
		058816D42C87D18100D53768 /* Debug */ = {
			isa = XCBuildConfiguration;
			buildSettings = {
				ASSETCATALOG_COMPILER_APPICON_NAME = AppIcon;
				ASSETCATALOG_COMPILER_GLOBAL_ACCENT_COLOR_NAME = AccentColor;
				CODE_SIGN_STYLE = Automatic;
				CURRENT_PROJECT_VERSION = 1;
				DEVELOPMENT_TEAM = DA22RP72F3;
				GENERATE_INFOPLIST_FILE = YES;
				INFOPLIST_FILE = aniTimeriOS/Info.plist;
				INFOPLIST_KEY_UIApplicationSupportsIndirectInputEvents = YES;
				INFOPLIST_KEY_UILaunchStoryboardName = SearchViewController.storyboard;
				INFOPLIST_KEY_UIMainStoryboardFile = SearchViewController;
				INFOPLIST_KEY_UISupportedInterfaceOrientations_iPad = "UIInterfaceOrientationPortrait UIInterfaceOrientationPortraitUpsideDown UIInterfaceOrientationLandscapeLeft UIInterfaceOrientationLandscapeRight";
				INFOPLIST_KEY_UISupportedInterfaceOrientations_iPhone = "UIInterfaceOrientationPortrait UIInterfaceOrientationLandscapeLeft UIInterfaceOrientationLandscapeRight";
				IPHONEOS_DEPLOYMENT_TARGET = 16.0;
				LD_RUNPATH_SEARCH_PATHS = (
					"$(inherited)",
					"@executable_path/Frameworks",
				);
				MARKETING_VERSION = 1.0;
				PRODUCT_BUNDLE_IDENTIFIER = com.llandin.aniTimeriOS;
				PRODUCT_NAME = "$(TARGET_NAME)";
				SUPPORTED_PLATFORMS = "iphoneos iphonesimulator";
				SUPPORTS_MACCATALYST = NO;
				SUPPORTS_XR_DESIGNED_FOR_IPHONE_IPAD = NO;
				SWIFT_EMIT_LOC_STRINGS = YES;
				SWIFT_VERSION = 5.0;
				TARGETED_DEVICE_FAMILY = "1,2";
			};
			name = Debug;
		};
		058816D52C87D18100D53768 /* Release */ = {
			isa = XCBuildConfiguration;
			buildSettings = {
				ASSETCATALOG_COMPILER_APPICON_NAME = AppIcon;
				ASSETCATALOG_COMPILER_GLOBAL_ACCENT_COLOR_NAME = AccentColor;
				CODE_SIGN_STYLE = Automatic;
				CURRENT_PROJECT_VERSION = 1;
				DEVELOPMENT_TEAM = DA22RP72F3;
				GENERATE_INFOPLIST_FILE = YES;
				INFOPLIST_FILE = aniTimeriOS/Info.plist;
				INFOPLIST_KEY_UIApplicationSupportsIndirectInputEvents = YES;
				INFOPLIST_KEY_UILaunchStoryboardName = SearchViewController.storyboard;
				INFOPLIST_KEY_UIMainStoryboardFile = SearchViewController;
				INFOPLIST_KEY_UISupportedInterfaceOrientations_iPad = "UIInterfaceOrientationPortrait UIInterfaceOrientationPortraitUpsideDown UIInterfaceOrientationLandscapeLeft UIInterfaceOrientationLandscapeRight";
				INFOPLIST_KEY_UISupportedInterfaceOrientations_iPhone = "UIInterfaceOrientationPortrait UIInterfaceOrientationLandscapeLeft UIInterfaceOrientationLandscapeRight";
				IPHONEOS_DEPLOYMENT_TARGET = 16.0;
				LD_RUNPATH_SEARCH_PATHS = (
					"$(inherited)",
					"@executable_path/Frameworks",
				);
				MARKETING_VERSION = 1.0;
				PRODUCT_BUNDLE_IDENTIFIER = com.llandin.aniTimeriOS;
				PRODUCT_NAME = "$(TARGET_NAME)";
				SUPPORTED_PLATFORMS = "iphoneos iphonesimulator";
				SUPPORTS_MACCATALYST = NO;
				SUPPORTS_XR_DESIGNED_FOR_IPHONE_IPAD = NO;
				SWIFT_EMIT_LOC_STRINGS = YES;
				SWIFT_VERSION = 5.0;
				TARGETED_DEVICE_FAMILY = "1,2";
			};
			name = Release;
		};
/* End XCBuildConfiguration section */

/* Begin XCConfigurationList section */
		058816BA2C87D18000D53768 /* Build configuration list for PBXProject "aniTimeriOS" */ = {
			isa = XCConfigurationList;
			buildConfigurations = (
				058816D12C87D18100D53768 /* Debug */,
				058816D22C87D18100D53768 /* Release */,
			);
			defaultConfigurationIsVisible = 0;
			defaultConfigurationName = Release;
		};
		058816D32C87D18100D53768 /* Build configuration list for PBXNativeTarget "aniTimeriOS" */ = {
			isa = XCConfigurationList;
			buildConfigurations = (
				058816D42C87D18100D53768 /* Debug */,
				058816D52C87D18100D53768 /* Release */,
			);
			defaultConfigurationIsVisible = 0;
			defaultConfigurationName = Release;
		};
/* End XCConfigurationList section */

/* Begin XCRemoteSwiftPackageReference section */
		CD82F62B2CBE9804006F65F9 /* XCRemoteSwiftPackageReference "firebase-ios-sdk" */ = {
			isa = XCRemoteSwiftPackageReference;
			repositoryURL = "https://github.com/firebase/firebase-ios-sdk";
			requirement = {
				kind = upToNextMajorVersion;
				minimumVersion = 11.3.0;
			};
		};
/* End XCRemoteSwiftPackageReference section */

/* Begin XCSwiftPackageProductDependency section */
		0504977E2CC064CE00FCBBB6 /* FirebaseAnalytics */ = {
			isa = XCSwiftPackageProductDependency;
			package = CD82F62B2CBE9804006F65F9 /* XCRemoteSwiftPackageReference "firebase-ios-sdk" */;
			productName = FirebaseAnalytics;
		};
		050497802CC064CE00FCBBB6 /* FirebaseAnalyticsOnDeviceConversion */ = {
			isa = XCSwiftPackageProductDependency;
			package = CD82F62B2CBE9804006F65F9 /* XCRemoteSwiftPackageReference "firebase-ios-sdk" */;
			productName = FirebaseAnalyticsOnDeviceConversion;
		};
		050497822CC064CE00FCBBB6 /* FirebaseAnalyticsWithoutAdIdSupport */ = {
			isa = XCSwiftPackageProductDependency;
			package = CD82F62B2CBE9804006F65F9 /* XCRemoteSwiftPackageReference "firebase-ios-sdk" */;
			productName = FirebaseAnalyticsWithoutAdIdSupport;
		};
		050497842CC064CE00FCBBB6 /* FirebaseAppCheck */ = {
			isa = XCSwiftPackageProductDependency;
			package = CD82F62B2CBE9804006F65F9 /* XCRemoteSwiftPackageReference "firebase-ios-sdk" */;
			productName = FirebaseAppCheck;
		};
		050497862CC064CE00FCBBB6 /* FirebaseAppDistribution-Beta */ = {
			isa = XCSwiftPackageProductDependency;
			package = CD82F62B2CBE9804006F65F9 /* XCRemoteSwiftPackageReference "firebase-ios-sdk" */;
			productName = "FirebaseAppDistribution-Beta";
		};
		CD82F62C2CBE9804006F65F9 /* FirebaseAnalytics */ = {
			isa = XCSwiftPackageProductDependency;
			package = CD82F62B2CBE9804006F65F9 /* XCRemoteSwiftPackageReference "firebase-ios-sdk" */;
			productName = FirebaseAnalytics;
		};
		CD82F62E2CBE9804006F65F9 /* FirebaseAnalyticsOnDeviceConversion */ = {
			isa = XCSwiftPackageProductDependency;
			package = CD82F62B2CBE9804006F65F9 /* XCRemoteSwiftPackageReference "firebase-ios-sdk" */;
			productName = FirebaseAnalyticsOnDeviceConversion;
		};
		CD82F6302CBE9804006F65F9 /* FirebaseAnalyticsWithoutAdIdSupport */ = {
			isa = XCSwiftPackageProductDependency;
			package = CD82F62B2CBE9804006F65F9 /* XCRemoteSwiftPackageReference "firebase-ios-sdk" */;
			productName = FirebaseAnalyticsWithoutAdIdSupport;
		};
		CD82F6322CBE9804006F65F9 /* FirebaseAppCheck */ = {
			isa = XCSwiftPackageProductDependency;
			package = CD82F62B2CBE9804006F65F9 /* XCRemoteSwiftPackageReference "firebase-ios-sdk" */;
			productName = FirebaseAppCheck;
		};
		CD82F6342CBE9804006F65F9 /* FirebaseAppDistribution-Beta */ = {
			isa = XCSwiftPackageProductDependency;
			package = CD82F62B2CBE9804006F65F9 /* XCRemoteSwiftPackageReference "firebase-ios-sdk" */;
			productName = "FirebaseAppDistribution-Beta";
		};
		CD82F6362CBE9804006F65F9 /* FirebaseAuth */ = {
			isa = XCSwiftPackageProductDependency;
			package = CD82F62B2CBE9804006F65F9 /* XCRemoteSwiftPackageReference "firebase-ios-sdk" */;
			productName = FirebaseAuth;
		};
		CD82F6382CBE9804006F65F9 /* FirebaseAuthCombine-Community */ = {
			isa = XCSwiftPackageProductDependency;
			package = CD82F62B2CBE9804006F65F9 /* XCRemoteSwiftPackageReference "firebase-ios-sdk" */;
			productName = "FirebaseAuthCombine-Community";
		};
		CD82F63A2CBE9804006F65F9 /* FirebaseCore */ = {
			isa = XCSwiftPackageProductDependency;
			package = CD82F62B2CBE9804006F65F9 /* XCRemoteSwiftPackageReference "firebase-ios-sdk" */;
			productName = FirebaseCore;
		};
		CD82F63C2CBE9804006F65F9 /* FirebaseCrashlytics */ = {
			isa = XCSwiftPackageProductDependency;
			package = CD82F62B2CBE9804006F65F9 /* XCRemoteSwiftPackageReference "firebase-ios-sdk" */;
			productName = FirebaseCrashlytics;
		};
		CD82F63E2CBE9804006F65F9 /* FirebaseDatabase */ = {
			isa = XCSwiftPackageProductDependency;
			package = CD82F62B2CBE9804006F65F9 /* XCRemoteSwiftPackageReference "firebase-ios-sdk" */;
			productName = FirebaseDatabase;
		};
		CD82F6402CBE9804006F65F9 /* FirebaseDynamicLinks */ = {
			isa = XCSwiftPackageProductDependency;
			package = CD82F62B2CBE9804006F65F9 /* XCRemoteSwiftPackageReference "firebase-ios-sdk" */;
			productName = FirebaseDynamicLinks;
		};
		CD82F6422CBE9804006F65F9 /* FirebaseFirestore */ = {
			isa = XCSwiftPackageProductDependency;
			package = CD82F62B2CBE9804006F65F9 /* XCRemoteSwiftPackageReference "firebase-ios-sdk" */;
			productName = FirebaseFirestore;
		};
		CD82F6442CBE9804006F65F9 /* FirebaseFirestoreCombine-Community */ = {
			isa = XCSwiftPackageProductDependency;
			package = CD82F62B2CBE9804006F65F9 /* XCRemoteSwiftPackageReference "firebase-ios-sdk" */;
			productName = "FirebaseFirestoreCombine-Community";
		};
		CD82F6462CBE9804006F65F9 /* FirebaseFunctions */ = {
			isa = XCSwiftPackageProductDependency;
			package = CD82F62B2CBE9804006F65F9 /* XCRemoteSwiftPackageReference "firebase-ios-sdk" */;
			productName = FirebaseFunctions;
		};
		CD82F6482CBE9804006F65F9 /* FirebaseFunctionsCombine-Community */ = {
			isa = XCSwiftPackageProductDependency;
			package = CD82F62B2CBE9804006F65F9 /* XCRemoteSwiftPackageReference "firebase-ios-sdk" */;
			productName = "FirebaseFunctionsCombine-Community";
		};
		CD82F64A2CBE9804006F65F9 /* FirebaseInAppMessaging-Beta */ = {
			isa = XCSwiftPackageProductDependency;
			package = CD82F62B2CBE9804006F65F9 /* XCRemoteSwiftPackageReference "firebase-ios-sdk" */;
			productName = "FirebaseInAppMessaging-Beta";
		};
		CD82F64C2CBE9804006F65F9 /* FirebaseInstallations */ = {
			isa = XCSwiftPackageProductDependency;
			package = CD82F62B2CBE9804006F65F9 /* XCRemoteSwiftPackageReference "firebase-ios-sdk" */;
			productName = FirebaseInstallations;
		};
		CD82F64E2CBE9804006F65F9 /* FirebaseMLModelDownloader */ = {
			isa = XCSwiftPackageProductDependency;
			package = CD82F62B2CBE9804006F65F9 /* XCRemoteSwiftPackageReference "firebase-ios-sdk" */;
			productName = FirebaseMLModelDownloader;
		};
		CD82F6502CBE9804006F65F9 /* FirebaseMessaging */ = {
			isa = XCSwiftPackageProductDependency;
			package = CD82F62B2CBE9804006F65F9 /* XCRemoteSwiftPackageReference "firebase-ios-sdk" */;
			productName = FirebaseMessaging;
		};
		CD82F6522CBE9804006F65F9 /* FirebasePerformance */ = {
			isa = XCSwiftPackageProductDependency;
			package = CD82F62B2CBE9804006F65F9 /* XCRemoteSwiftPackageReference "firebase-ios-sdk" */;
			productName = FirebasePerformance;
		};
		CD82F6542CBE9804006F65F9 /* FirebaseRemoteConfig */ = {
			isa = XCSwiftPackageProductDependency;
			package = CD82F62B2CBE9804006F65F9 /* XCRemoteSwiftPackageReference "firebase-ios-sdk" */;
			productName = FirebaseRemoteConfig;
		};
		CD82F6562CBE9804006F65F9 /* FirebaseStorage */ = {
			isa = XCSwiftPackageProductDependency;
			package = CD82F62B2CBE9804006F65F9 /* XCRemoteSwiftPackageReference "firebase-ios-sdk" */;
			productName = FirebaseStorage;
		};
		CD82F6582CBE9804006F65F9 /* FirebaseStorageCombine-Community */ = {
			isa = XCSwiftPackageProductDependency;
			package = CD82F62B2CBE9804006F65F9 /* XCRemoteSwiftPackageReference "firebase-ios-sdk" */;
			productName = "FirebaseStorageCombine-Community";
		};
		CD82F65A2CBE9804006F65F9 /* FirebaseVertexAI-Preview */ = {
			isa = XCSwiftPackageProductDependency;
			package = CD82F62B2CBE9804006F65F9 /* XCRemoteSwiftPackageReference "firebase-ios-sdk" */;
			productName = "FirebaseVertexAI-Preview";
		};
/* End XCSwiftPackageProductDependency section */
	};
	rootObject = 058816B72C87D18000D53768 /* Project object */;
}
